{
  "name": "get-shit-done-cc",
  "version": "1.0.4",
  "lockfileVersion": 3,
  "requires": true,
  "packages": {
    "": {
      "name": "get-shit-done-cc",
      "version": "1.0.4",
      "license": "MIT",
      "dependencies": {
        "get-shit-done-cc": "^1.0.3"
      },
      "bin": {
        "get-shit-done": "bin/install.js"
      },
      "engines": {
        "node": ">=16.7.0"
      }
    },
    "node_modules/get-shit-done-cc": {
      "version": "1.0.3",
      "resolved": "https://registry.npmjs.org/get-shit-done-cc/-/get-shit-done-cc-1.0.3.tgz",
      "integrity": "sha512-D6L5kjWESX51VYytkDxui2AS0dLUEixrWIYefpHyOnRExmzm03RIW60AaQde7F/yFcX83imI/JOZK7oHJCcCkg==",
      "license": "MIT",
      "bin": {
        "get-shit-done": "bin/install.js"
      },
      "engines": {
        "node": ">=16.7.0"
      }
    }
  }
}
